// !$*UTF8*$!
{
	archiveVersion = 1;
	classes = {
	};
	objectVersion = 46;
	objects = {

/* Begin PBXBuildFile section */
		30DCEEE61E86B68A00442696 /* main.m in Sources */ = {isa = PBXBuildFile; fileRef = 30DCEEE51E86B68A00442696 /* main.m */; };
		30DCEEE91E86B68A00442696 /* AppDelegate.m in Sources */ = {isa = PBXBuildFile; fileRef = 30DCEEE81E86B68A00442696 /* AppDelegate.m */; };
		30DCEEEC1E86B68A00442696 /* ViewController.m in Sources */ = {isa = PBXBuildFile; fileRef = 30DCEEEB1E86B68A00442696 /* ViewController.m */; };
		30DCEEEF1E86B68A00442696 /* Main.storyboard in Resources */ = {isa = PBXBuildFile; fileRef = 30DCEEED1E86B68A00442696 /* Main.storyboard */; };
		30DCEEF11E86B68A00442696 /* Assets.xcassets in Resources */ = {isa = PBXBuildFile; fileRef = 30DCEEF01E86B68A00442696 /* Assets.xcassets */; };
		30DCEEF41E86B68A00442696 /* LaunchScreen.storyboard in Resources */ = {isa = PBXBuildFile; fileRef = 30DCEEF21E86B68A00442696 /* LaunchScreen.storyboard */; };
		30DCEEFF1E86B68A00442696 /* _____Tests.m in Sources */ = {isa = PBXBuildFile; fileRef = 30DCEEFE1E86B68A00442696 /* _____Tests.m */; };
		30DCEF0A1E86B68A00442696 /* _____UITests.m in Sources */ = {isa = PBXBuildFile; fileRef = 30DCEF091E86B68A00442696 /* _____UITests.m */; };
		30DCEF1C1E86CA5700442696 /* TTSpeechController.m in Sources */ = {isa = PBXBuildFile; fileRef = 30DCEF1B1E86CA5700442696 /* TTSpeechController.m */; };
/* End PBXBuildFile section */

/* Begin PBXContainerItemProxy section */
		30DCEEFB1E86B68A00442696 /* PBXContainerItemProxy */ = {
			isa = PBXContainerItemProxy;
			containerPortal = 30DCEED91E86B68A00442696 /* Project object */;
			proxyType = 1;
			remoteGlobalIDString = 30DCEEE01E86B68A00442696;
			remoteInfo = "文字转语音";
		};
		30DCEF061E86B68A00442696 /* PBXContainerItemProxy */ = {
			isa = PBXContainerItemProxy;
			containerPortal = 30DCEED91E86B68A00442696 /* Project object */;
			proxyType = 1;
			remoteGlobalIDString = 30DCEEE01E86B68A00442696;
			remoteInfo = "文字转语音";
		};
/* End PBXContainerItemProxy section */

/* Begin PBXFileReference section */
		30DCEEE11E86B68A00442696 /* 文字转语音.app */ = {isa = PBXFileReference; explicitFileType = wrapper.application; includeInIndex = 0; path = "文字转语音.app"; sourceTree = BUILT_PRODUCTS_DIR; };
		30DCEEE51E86B68A00442696 /* main.m */ = {isa = PBXFileReference; lastKnownFileType = sourcecode.c.objc; path = main.m; sourceTree = "<group>"; };
		30DCEEE71E86B68A00442696 /* AppDelegate.h */ = {isa = PBXFileReference; lastKnownFileType = sourcecode.c.h; path = AppDelegate.h; sourceTree = "<group>"; };
		30DCEEE81E86B68A00442696 /* AppDelegate.m */ = {isa = PBXFileReference; lastKnownFileType = sourcecode.c.objc; path = AppDelegate.m; sourceTree = "<group>"; };
		30DCEEEA1E86B68A00442696 /* ViewController.h */ = {isa = PBXFileReference; lastKnownFileType = sourcecode.c.h; path = ViewController.h; sourceTree = "<group>"; };
		30DCEEEB1E86B68A00442696 /* ViewController.m */ = {isa = PBXFileReference; lastKnownFileType = sourcecode.c.objc; path = ViewController.m; sourceTree = "<group>"; };
		30DCEEEE1E86B68A00442696 /* Base */ = {isa = PBXFileReference; lastKnownFileType = file.storyboard; name = Base; path = Base.lproj/Main.storyboard; sourceTree = "<group>"; };
		30DCEEF01E86B68A00442696 /* Assets.xcassets */ = {isa = PBXFileReference; lastKnownFileType = folder.assetcatalog; path = Assets.xcassets; sourceTree = "<group>"; };
		30DCEEF31E86B68A00442696 /* Base */ = {isa = PBXFileReference; lastKnownFileType = file.storyboard; name = Base; path = Base.lproj/LaunchScreen.storyboard; sourceTree = "<group>"; };
		30DCEEF51E86B68A00442696 /* Info.plist */ = {isa = PBXFileReference; lastKnownFileType = text.plist.xml; path = Info.plist; sourceTree = "<group>"; };
		30DCEEFA1E86B68A00442696 /* 文字转语音Tests.xctest */ = {isa = PBXFileReference; explicitFileType = wrapper.cfbundle; includeInIndex = 0; path = "文字转语音Tests.xctest"; sourceTree = BUILT_PRODUCTS_DIR; };
		30DCEEFE1E86B68A00442696 /* _____Tests.m */ = {isa = PBXFileReference; lastKnownFileType = sourcecode.c.objc; path = "_____Tests.m"; sourceTree = "<group>"; };
		30DCEF001E86B68A00442696 /* Info.plist */ = {isa = PBXFileReference; lastKnownFileType = text.plist.xml; path = Info.plist; sourceTree = "<group>"; };
		30DCEF051E86B68A00442696 /* 文字转语音UITests.xctest */ = {isa = PBXFileReference; explicitFileType = wrapper.cfbundle; includeInIndex = 0; path = "文字转语音UITests.xctest"; sourceTree = BUILT_PRODUCTS_DIR; };
		30DCEF091E86B68A00442696 /* _____UITests.m */ = {isa = PBXFileReference; lastKnownFileType = sourcecode.c.objc; path = "_____UITests.m"; sourceTree = "<group>"; };
		30DCEF0B1E86B68A00442696 /* Info.plist */ = {isa = PBXFileReference; lastKnownFileType = text.plist.xml; path = Info.plist; sourceTree = "<group>"; };
		30DCEF1A1E86CA5700442696 /* TTSpeechController.h */ = {isa = PBXFileReference; fileEncoding = 4; lastKnownFileType = sourcecode.c.h; path = TTSpeechController.h; sourceTree = "<group>"; };
		30DCEF1B1E86CA5700442696 /* TTSpeechController.m */ = {isa = PBXFileReference; fileEncoding = 4; lastKnownFileType = sourcecode.c.objc; path = TTSpeechController.m; sourceTree = "<group>"; };
/* End PBXFileReference section */

/* Begin PBXFrameworksBuildPhase section */
		30DCEEDE1E86B68A00442696 /* Frameworks */ = {
			isa = PBXFrameworksBuildPhase;
			buildActionMask = 2147483647;
			files = (
			);
			runOnlyForDeploymentPostprocessing = 0;
		};
		30DCEEF71E86B68A00442696 /* Frameworks */ = {
			isa = PBXFrameworksBuildPhase;
			buildActionMask = 2147483647;
			files = (
			);
			runOnlyForDeploymentPostprocessing = 0;
		};
		30DCEF021E86B68A00442696 /* Frameworks */ = {
			isa = PBXFrameworksBuildPhase;
			buildActionMask = 2147483647;
			files = (
			);
			runOnlyForDeploymentPostprocessing = 0;
		};
/* End PBXFrameworksBuildPhase section */

/* Begin PBXGroup section */
		30DCEED81E86B68A00442696 = {
			isa = PBXGroup;
			children = (
				30DCEEE31E86B68A00442696 /* 文字转语音 */,
				30DCEEFD1E86B68A00442696 /* 文字转语音Tests */,
				30DCEF081E86B68A00442696 /* 文字转语音UITests */,
				30DCEEE21E86B68A00442696 /* Products */,
			);
			sourceTree = "<group>";
		};
		30DCEEE21E86B68A00442696 /* Products */ = {
			isa = PBXGroup;
			children = (
				30DCEEE11E86B68A00442696 /* 文字转语音.app */,
				30DCEEFA1E86B68A00442696 /* 文字转语音Tests.xctest */,
				30DCEF051E86B68A00442696 /* 文字转语音UITests.xctest */,
			);
			name = Products;
			sourceTree = "<group>";
		};
		30DCEEE31E86B68A00442696 /* 文字转语音 */ = {
			isa = PBXGroup;
			children = (
				30DCEEE71E86B68A00442696 /* AppDelegate.h */,
				30DCEEE81E86B68A00442696 /* AppDelegate.m */,
				30DCEEEA1E86B68A00442696 /* ViewController.h */,
				30DCEEEB1E86B68A00442696 /* ViewController.m */,
				30DCEF1A1E86CA5700442696 /* TTSpeechController.h */,
				30DCEF1B1E86CA5700442696 /* TTSpeechController.m */,
				30DCEEED1E86B68A00442696 /* Main.storyboard */,
				30DCEEF01E86B68A00442696 /* Assets.xcassets */,
				30DCEEF21E86B68A00442696 /* LaunchScreen.storyboard */,
				30DCEEF51E86B68A00442696 /* Info.plist */,
				30DCEEE41E86B68A00442696 /* Supporting Files */,
			);
			path = "文字转语音";
			sourceTree = "<group>";
		};
		30DCEEE41E86B68A00442696 /* Supporting Files */ = {
			isa = PBXGroup;
			children = (
				30DCEEE51E86B68A00442696 /* main.m */,
			);
			name = "Supporting Files";
			sourceTree = "<group>";
		};
		30DCEEFD1E86B68A00442696 /* 文字转语音Tests */ = {
			isa = PBXGroup;
			children = (
				30DCEEFE1E86B68A00442696 /* _____Tests.m */,
				30DCEF001E86B68A00442696 /* Info.plist */,
			);
			path = "文字转语音Tests";
			sourceTree = "<group>";
		};
		30DCEF081E86B68A00442696 /* 文字转语音UITests */ = {
			isa = PBXGroup;
			children = (
				30DCEF091E86B68A00442696 /* _____UITests.m */,
				30DCEF0B1E86B68A00442696 /* Info.plist */,
			);
			path = "文字转语音UITests";
			sourceTree = "<group>";
		};
/* End PBXGroup section */

/* Begin PBXNativeTarget section */
		30DCEEE01E86B68A00442696 /* 文字转语音 */ = {
			isa = PBXNativeTarget;
			buildConfigurationList = 30DCEF0E1E86B68A00442696 /* Build configuration list for PBXNativeTarget "文字转语音" */;
			buildPhases = (
				30DCEEDD1E86B68A00442696 /* Sources */,
				30DCEEDE1E86B68A00442696 /* Frameworks */,
				30DCEEDF1E86B68A00442696 /* Resources */,
			);
			buildRules = (
			);
			dependencies = (
			);
			name = "文字转语音";
			productName = "文字转语音";
			productReference = 30DCEEE11E86B68A00442696 /* 文字转语音.app */;
			productType = "com.apple.product-type.application";
		};
		30DCEEF91E86B68A00442696 /* 文字转语音Tests */ = {
			isa = PBXNativeTarget;
			buildConfigurationList = 30DCEF111E86B68A00442696 /* Build configuration list for PBXNativeTarget "文字转语音Tests" */;
			buildPhases = (
				30DCEEF61E86B68A00442696 /* Sources */,
				30DCEEF71E86B68A00442696 /* Frameworks */,
				30DCEEF81E86B68A00442696 /* Resources */,
			);
			buildRules = (
			);
			dependencies = (
				30DCEEFC1E86B68A00442696 /* PBXTargetDependency */,
			);
			name = "文字转语音Tests";
			productName = "文字转语音Tests";
			productReference = 30DCEEFA1E86B68A00442696 /* 文字转语音Tests.xctest */;
			productType = "com.apple.product-type.bundle.unit-test";
		};
		30DCEF041E86B68A00442696 /* 文字转语音UITests */ = {
			isa = PBXNativeTarget;
			buildConfigurationList = 30DCEF141E86B68A00442696 /* Build configuration list for PBXNativeTarget "文字转语音UITests" */;
			buildPhases = (
				30DCEF011E86B68A00442696 /* Sources */,
				30DCEF021E86B68A00442696 /* Frameworks */,
				30DCEF031E86B68A00442696 /* Resources */,
			);
			buildRules = (
			);
			dependencies = (
				30DCEF071E86B68A00442696 /* PBXTargetDependency */,
			);
			name = "文字转语音UITests";
			productName = "文字转语音UITests";
			productReference = 30DCEF051E86B68A00442696 /* 文字转语音UITests.xctest */;
			productType = "com.apple.product-type.bundle.ui-testing";
		};
/* End PBXNativeTarget section */

/* Begin PBXProject section */
		30DCEED91E86B68A00442696 /* Project object */ = {
			isa = PBXProject;
			attributes = {
				LastUpgradeCheck = 0720;
				ORGANIZATIONNAME = "王琪";
				TargetAttributes = {
					30DCEEE01E86B68A00442696 = {
						CreatedOnToolsVersion = 7.2.1;
						DevelopmentTeam = UVV43MQ66F;
					};
					30DCEEF91E86B68A00442696 = {
						CreatedOnToolsVersion = 7.2.1;
						DevelopmentTeam = UVV43MQ66F;
						TestTargetID = 30DCEEE01E86B68A00442696;
					};
					30DCEF041E86B68A00442696 = {
						CreatedOnToolsVersion = 7.2.1;
						DevelopmentTeam = UVV43MQ66F;
						TestTargetID = 30DCEEE01E86B68A00442696;
					};
				};
			};
			buildConfigurationList = 30DCEEDC1E86B68A00442696 /* Build configuration list for PBXProject "文字转语音" */;
			compatibilityVersion = "Xcode 3.2";
			developmentRegion = English;
			hasScannedForEncodings = 0;
			knownRegions = (
				en,
				Base,
			);
			mainGroup = 30DCEED81E86B68A00442696;
			productRefGroup = 30DCEEE21E86B68A00442696 /* Products */;
			projectDirPath = "";
			projectRoot = "";
			targets = (
				30DCEEE01E86B68A00442696 /* 文字转语音 */,
				30DCEEF91E86B68A00442696 /* 文字转语音Tests */,
				30DCEF041E86B68A00442696 /* 文字转语音UITests */,
			);
		};
/* End PBXProject section */

/* Begin PBXResourcesBuildPhase section */
		30DCEEDF1E86B68A00442696 /* Resources */ = {
			isa = PBXResourcesBuildPhase;
			buildActionMask = 2147483647;
			files = (
				30DCEEF41E86B68A00442696 /* LaunchScreen.storyboard in Resources */,
				30DCEEF11E86B68A00442696 /* Assets.xcassets in Resources */,
				30DCEEEF1E86B68A00442696 /* Main.storyboard in Resources */,
			);
			runOnlyForDeploymentPostprocessing = 0;
		};
		30DCEEF81E86B68A00442696 /* Resources */ = {
			isa = PBXResourcesBuildPhase;
			buildActionMask = 2147483647;
			files = (
			);
			runOnlyForDeploymentPostprocessing = 0;
		};
		30DCEF031E86B68A00442696 /* Resources */ = {
			isa = PBXResourcesBuildPhase;
			buildActionMask = 2147483647;
			files = (
			);
			runOnlyForDeploymentPostprocessing = 0;
		};
/* End PBXResourcesBuildPhase section */

/* Begin PBXSourcesBuildPhase section */
		30DCEEDD1E86B68A00442696 /* Sources */ = {
			isa = PBXSourcesBuildPhase;
			buildActionMask = 2147483647;
			files = (
				30DCEEEC1E86B68A00442696 /* ViewController.m in Sources */,
				30DCEEE91E86B68A00442696 /* AppDelegate.m in Sources */,
				30DCEEE61E86B68A00442696 /* main.m in Sources */,
				30DCEF1C1E86CA5700442696 /* TTSpeechController.m in Sources */,
			);
			runOnlyForDeploymentPostprocessing = 0;
		};
		30DCEEF61E86B68A00442696 /* Sources */ = {
			isa = PBXSourcesBuildPhase;
			buildActionMask = 2147483647;
			files = (
				30DCEEFF1E86B68A00442696 /* _____Tests.m in Sources */,
			);
			runOnlyForDeploymentPostprocessing = 0;
		};
		30DCEF011E86B68A00442696 /* Sources */ = {
			isa = PBXSourcesBuildPhase;
			buildActionMask = 2147483647;
			files = (
				30DCEF0A1E86B68A00442696 /* _____UITests.m in Sources */,
			);
			runOnlyForDeploymentPostprocessing = 0;
		};
/* End PBXSourcesBuildPhase section */

/* Begin PBXTargetDependency section */
		30DCEEFC1E86B68A00442696 /* PBXTargetDependency */ = {
			isa = PBXTargetDependency;
			target = 30DCEEE01E86B68A00442696 /* 文字转语音 */;
			targetProxy = 30DCEEFB1E86B68A00442696 /* PBXContainerItemProxy */;
		};
		30DCEF071E86B68A00442696 /* PBXTargetDependency */ = {
			isa = PBXTargetDependency;
			target = 30DCEEE01E86B68A00442696 /* 文字转语音 */;
			targetProxy = 30DCEF061E86B68A00442696 /* PBXContainerItemProxy */;
		};
/* End PBXTargetDependency section */

/* Begin PBXVariantGroup section */
		30DCEEED1E86B68A00442696 /* Main.storyboard */ = {
			isa = PBXVariantGroup;
			children = (
				30DCEEEE1E86B68A00442696 /* Base */,
			);
			name = Main.storyboard;
			sourceTree = "<group>";
		};
		30DCEEF21E86B68A00442696 /* LaunchScreen.storyboard */ = {
			isa = PBXVariantGroup;
			children = (
				30DCEEF31E86B68A00442696 /* Base */,
			);
			name = LaunchScreen.storyboard;
			sourceTree = "<group>";
		};
/* End PBXVariantGroup section */

/* Begin XCBuildConfiguration section */
		30DCEF0C1E86B68A00442696 /* Debug */ = {
			isa = XCBuildConfiguration;
			buildSettings = {
				ALWAYS_SEARCH_USER_PATHS = NO;
				CLANG_CXX_LANGUAGE_STANDARD = "gnu++0x";
				CLANG_CXX_LIBRARY = "libc++";
				CLANG_ENABLE_MODULES = YES;
				CLANG_ENABLE_OBJC_ARC = YES;
				CLANG_WARN_BOOL_CONVERSION = YES;
				CLANG_WARN_CONSTANT_CONVERSION = YES;
				CLANG_WARN_DIRECT_OBJC_ISA_USAGE = YES_ERROR;
				CLANG_WARN_EMPTY_BODY = YES;
				CLANG_WARN_ENUM_CONVERSION = YES;
				CLANG_WARN_INT_CONVERSION = YES;
				CLANG_WARN_OBJC_ROOT_CLASS = YES_ERROR;
				CLANG_WARN_UNREACHABLE_CODE = YES;
				CLANG_WARN__DUPLICATE_METHOD_MATCH = YES;
				"CODE_SIGN_IDENTITY[sdk=iphoneos*]" = "iPhone Developer";
				COPY_PHASE_STRIP = NO;
				DEBUG_INFORMATION_FORMAT = dwarf;
				ENABLE_STRICT_OBJC_MSGSEND = YES;
				ENABLE_TESTABILITY = YES;
				GCC_C_LANGUAGE_STANDARD = gnu99;
				GCC_DYNAMIC_NO_PIC = NO;
				GCC_NO_COMMON_BLOCKS = YES;
				GCC_OPTIMIZATION_LEVEL = 0;
				GCC_PREPROCESSOR_DEFINITIONS = (
					"DEBUG=1",
					"$(inherited)",
				);
				GCC_WARN_64_TO_32_BIT_CONVERSION = YES;
				GCC_WARN_ABOUT_RETURN_TYPE = YES_ERROR;
				GCC_WARN_UNDECLARED_SELECTOR = YES;
				GCC_WARN_UNINITIALIZED_AUTOS = YES_AGGRESSIVE;
				GCC_WARN_UNUSED_FUNCTION = YES;
				GCC_WARN_UNUSED_VARIABLE = YES;
				IPHONEOS_DEPLOYMENT_TARGET = 9.2;
				MTL_ENABLE_DEBUG_INFO = YES;
				ONLY_ACTIVE_ARCH = YES;
				SDKROOT = iphoneos;
			};
			name = Debug;
		};
		30DCEF0D1E86B68A00442696 /* Release */ = {
			isa = XCBuildConfiguration;
			buildSettings = {
				ALWAYS_SEARCH_USER_PATHS = NO;
				CLANG_CXX_LANGUAGE_STANDARD = "gnu++0x";
				CLANG_CXX_LIBRARY = "libc++";
				CLANG_ENABLE_MODULES = YES;
				CLANG_ENABLE_OBJC_ARC = YES;
				CLANG_WARN_BOOL_CONVERSION = YES;
				CLANG_WARN_CONSTANT_CONVERSION = YES;
				CLANG_WARN_DIRECT_OBJC_ISA_USAGE = YES_ERROR;
				CLANG_WARN_EMPTY_BODY = YES;
				CLANG_WARN_ENUM_CONVERSION = YES;
				CLANG_WARN_INT_CONVERSION = YES;
				CLANG_WARN_OBJC_ROOT_CLASS = YES_ERROR;
				CLANG_WARN_UNREACHABLE_CODE = YES;
				CLANG_WARN__DUPLICATE_METHOD_MATCH = YES;
				"CODE_SIGN_IDENTITY[sdk=iphoneos*]" = "iPhone Developer";
				COPY_PHASE_STRIP = NO;
				DEBUG_INFORMATION_FORMAT = "dwarf-with-dsym";
				ENABLE_NS_ASSERTIONS = NO;
				ENABLE_STRICT_OBJC_MSGSEND = YES;
				GCC_C_LANGUAGE_STANDARD = gnu99;
				GCC_NO_COMMON_BLOCKS = YES;
				GCC_WARN_64_TO_32_BIT_CONVERSION = YES;
				GCC_WARN_ABOUT_RETURN_TYPE = YES_ERROR;
				GCC_WARN_UNDECLARED_SELECTOR = YES;
				GCC_WARN_UNINITIALIZED_AUTOS = YES_AGGRESSIVE;
				GCC_WARN_UNUSED_FUNCTION = YES;
				GCC_WARN_UNUSED_VARIABLE = YES;
				IPHONEOS_DEPLOYMENT_TARGET = 9.2;
				MTL_ENABLE_DEBUG_INFO = NO;
				SDKROOT = iphoneos;
				VALIDATE_PRODUCT = YES;
			};
			name = Release;
		};
		30DCEF0F1E86B68A00442696 /* Debug */ = {
			isa = XCBuildConfiguration;
			buildSettings = {
				ASSETCATALOG_COMPILER_APPICON_NAME = AppIcon;
				INFOPLIST_FILE = "文字转语音/Info.plist";
				LD_RUNPATH_SEARCH_PATHS = "$(inherited) @executable_path/Frameworks";
				PRODUCT_BUNDLE_IDENTIFIER = "-23.-----";
				PRODUCT_NAME = "$(TARGET_NAME)";
			};
			name = Debug;
		};
		30DCEF101E86B68A00442696 /* Release */ = {
			isa = XCBuildConfiguration;
			buildSettings = {
				ASSETCATALOG_COMPILER_APPICON_NAME = AppIcon;
				INFOPLIST_FILE = "文字转语音/Info.plist";
				LD_RUNPATH_SEARCH_PATHS = "$(inherited) @executable_path/Frameworks";
				PRODUCT_BUNDLE_IDENTIFIER = "-23.-----";
				PRODUCT_NAME = "$(TARGET_NAME)";
			};
			name = Release;
		};
		30DCEF121E86B68A00442696 /* Debug */ = {
			isa = XCBuildConfiguration;
			buildSettings = {
				BUNDLE_LOADER = "$(TEST_HOST)";
				INFOPLIST_FILE = "文字转语音Tests/Info.plist";
				LD_RUNPATH_SEARCH_PATHS = "$(inherited) @executable_path/Frameworks @loader_path/Frameworks";
				PRODUCT_BUNDLE_IDENTIFIER = "-23.-----Tests";
				PRODUCT_NAME = "$(TARGET_NAME)";
				TEST_HOST = "$(BUILT_PRODUCTS_DIR)/文字转语音.app/文字转语音";
			};
			name = Debug;
		};
		30DCEF131E86B68A00442696 /* Release */ = {
			isa = XCBuildConfiguration;
			buildSettings = {
				BUNDLE_LOADER = "$(TEST_HOST)";
				INFOPLIST_FILE = "文字转语音Tests/Info.plist";
				LD_RUNPATH_SEARCH_PATHS = "$(inherited) @executable_path/Frameworks @loader_path/Frameworks";
				PRODUCT_BUNDLE_IDENTIFIER = "-23.-----Tests";
				PRODUCT_NAME = "$(TARGET_NAME)";
				TEST_HOST = "$(BUILT_PRODUCTS_DIR)/文字转语音.app/文字转语音";
			};
			name = Release;
		};
		30DCEF151E86B68A00442696 /* Debug */ = {
			isa = XCBuildConfiguration;
			buildSettings = {
				INFOPLIST_FILE = "文字转语音UITests/Info.plist";
				LD_RUNPATH_SEARCH_PATHS = "$(inherited) @executable_path/Frameworks @loader_path/Frameworks";
				PRODUCT_BUNDLE_IDENTIFIER = "-23.-----UITests";
				PRODUCT_NAME = "$(TARGET_NAME)";
				TEST_TARGET_NAME = "文字转语音";
				USES_XCTRUNNER = YES;
			};
			name = Debug;
		};
		30DCEF161E86B68A00442696 /* Release */ = {
			isa = XCBuildConfiguration;
			buildSettings = {
				INFOPLIST_FILE = "文字转语音UITests/Info.plist";
				LD_RUNPATH_SEARCH_PATHS = "$(inherited) @executable_path/Frameworks @loader_path/Frameworks";
				PRODUCT_BUNDLE_IDENTIFIER = "-23.-----UITests";
				PRODUCT_NAME = "$(TARGET_NAME)";
				TEST_TARGET_NAME = "文字转语音";
				USES_XCTRUNNER = YES;
			};
			name = Release;
		};
/* End XCBuildConfiguration section */

/* Begin XCConfigurationList section */
		30DCEEDC1E86B68A00442696 /* Build configuration list for PBXProject "文字转语音" */ = {
			isa = XCConfigurationList;
			buildConfigurations = (
				30DCEF0C1E86B68A00442696 /* Debug */,
				30DCEF0D1E86B68A00442696 /* Release */,
			);
			defaultConfigurationIsVisible = 0;
			defaultConfigurationName = Release;
		};
		30DCEF0E1E86B68A00442696 /* Build configuration list for PBXNativeTarget "文字转语音" */ = {
			isa = XCConfigurationList;
			buildConfigurations = (
				30DCEF0F1E86B68A00442696 /* Debug */,
				30DCEF101E86B68A00442696 /* Release */,
			);
			defaultConfigurationIsVisible = 0;
			defaultConfigurationName = Release;
		};
		30DCEF111E86B68A00442696 /* Build configuration list for PBXNativeTarget "文字转语音Tests" */ = {
			isa = XCConfigurationList;
			buildConfigurations = (
				30DCEF121E86B68A00442696 /* Debug */,
				30DCEF131E86B68A00442696 /* Release */,
			);
			defaultConfigurationIsVisible = 0;
			defaultConfigurationName = Release;
		};
		30DCEF141E86B68A00442696 /* Build configuration list for PBXNativeTarget "文字转语音UITests" */ = {
			isa = XCConfigurationList;
			buildConfigurations = (
				30DCEF151E86B68A00442696 /* Debug */,
				30DCEF161E86B68A00442696 /* Release */,
			);
			defaultConfigurationIsVisible = 0;
			defaultConfigurationName = Release;
		};
/* End XCConfigurationList section */
	};
	rootObject = 30DCEED91E86B68A00442696 /* Project object */;
}
